{
  "originHash" : "933ba65f549d3362b11a9b0c63d86fc56c32d3077d35fd62cc7d61888e1df125",
  "pins" : [
    {
      "identity" : "cocoaasyncsocketdynamic",
      "kind" : "remoteSourceControl",
      "location" : "https://github.com/spvagelis/CocoaAsyncSocketDynamic.git",
      "state" : {
        "revision" : "d78102feb8c30d8804eeeec0928ef9425c62bd3a",
        "version" : "7.6.7"
      }
    },
    {
      "identity" : "cocoalumberjack",
      "kind" : "remoteSourceControl",
      "location" : "https://github.com/spvagelis/CocoaLumberjack.git",
      "state" : {
        "revision" : "d344df314f44bf0406c848abfd4dcf3ff02b1f05",
        "version" : "3.8.8"
      }
    },
    {
      "identity" : "swift-log",
      "kind" : "remoteSourceControl",
      "location" : "https://github.com/apple/swift-log.git",
      "state" : {
        "revision" : "96a2f8a0fa41e9e09af4585e2724c4e825410b91",
        "version" : "1.6.2"
      }
    }
  ],
  "version" : 3
}
