{
  "originHash" : "6844f9e001335ca3ea2b0707d3e1884c537c931197a8e790a36b339adc70633d",
  "pins" : [
    {
      "identity" : "cocoaasyncsocketdynamic",
      "kind" : "remoteSourceControl",
      "location" : "https://github.com/spvagelis/CocoaAsyncSocketDynamic.git",
      "state" : {
        "revision" : "d78102feb8c30d8804eeeec0928ef9425c62bd3a",
        "version" : "7.6.7"
      }
    },
    {
      "identity" : "cocoalumberjack",
      "kind" : "remoteSourceControl",
      "location" : "https://github.com/spvagelis/CocoaLumberjack.git",
      "state" : {
        "revision" : "0c43c6510a0a63ae7846624978e05eeca7d56b31",
        "version" : "3.8.9"
      }
    },
    {
      "identity" : "swift-log",
      "kind" : "remoteSourceControl",
      "location" : "https://github.com/apple/swift-log.git",
      "state" : {
        "revision" : "96a2f8a0fa41e9e09af4585e2724c4e825410b91",
        "version" : "1.6.2"
      }
    }
  ],
  "version" : 3
}
