<?xml version="1.0" encoding="UTF-8"?>
<Scheme
   LastUpgradeVersion = "1250"
   version = "1.7">
   <BuildAction
      parallelizeBuildables = "YES"
      buildImplicitDependencies = "YES">
      <PreActions>
         <ExecutionAction
            ActionType = "Xcode.IDEStandardExecutionActionsCore.ExecutionActionType.ShellScriptAction">
            <ActionContent
               title = "Run Script"
               scriptText = "&#10;echo &quot;CONFIGURATION before: &apos;$CONFIGURATION&apos;&quot;&#10;&#10;# &#x391;&#x3bd; &#x3b7; &#x3bc;&#x3b5;&#x3c4;&#x3b1;&#x3b2;&#x3bb;&#x3b7;&#x3c4;&#x3ae; CONFIGURATION &#x3b5;&#x3af;&#x3bd;&#x3b1;&#x3b9; &#x3ba;&#x3b5;&#x3bd;&#x3ae;, &#x3bf;&#x3c1;&#x3af;&#x3b6;&#x3bf;&#x3c5;&#x3bc;&#x3b5; &#x3c0;&#x3c1;&#x3bf;&#x3b5;&#x3c0;&#x3b9;&#x3bb;&#x3b5;&#x3b3;&#x3bc;&#x3ad;&#x3bd;&#x3b7; &#x3c4;&#x3b9;&#x3bc;&#x3ae; &quot;Debug&quot;&#10;if [ -z &quot;$CONFIGURATION&quot; ]; then&#10;    CONFIGURATION=&quot;Debug&quot;&#10;fi&#10;&#10;echo &quot;Using CONFIGURATION: &apos;$CONFIGURATION&apos;&quot;&#10;&#10;# &#x39f;&#x3c1;&#x3af;&#x3b6;&#x3bf;&#x3c5;&#x3bc;&#x3b5; &#x3c4;&#x3bf;&#x3bd; &#x3c6;&#x3ac;&#x3ba;&#x3b5;&#x3bb;&#x3bf; &#x3c0;&#x3b7;&#x3b3;&#x3ae;&#x3c2; &#x3ba;&#x3b1;&#x3b9; &#x3c0;&#x3c1;&#x3bf;&#x3bf;&#x3c1;&#x3b9;&#x3c3;&#x3bc;&#x3bf;&#x3cd; &#x3c7;&#x3c1;&#x3b7;&#x3c3;&#x3b9;&#x3bc;&#x3bf;&#x3c0;&#x3bf;&#x3b9;&#x3ce;&#x3bd;&#x3c4;&#x3b1;&#x3c2; &#x3c4;&#x3bf; &#x3af;&#x3b4;&#x3b9;&#x3bf; configuration &#x3ba;&#x3b1;&#x3b9; &#x3c4;&#x3bf; EFFECTIVE_PLATFORM_NAME (&#x3c0;.&#x3c7;. &quot;-iphoneos&quot;)&#10;SRC_DIR=&quot;${SYMROOT}/${CONFIGURATION}${EFFECTIVE_PLATFORM_NAME}/&quot;&#10;DEST_DIR=&quot;${SYMROOT}/${CONFIGURATION}${EFFECTIVE_PLATFORM_NAME}/&quot;&#10;&#10;echo &quot;Source directory: $SRC_DIR&quot;&#10;echo &quot;Destination directory: $DEST_DIR&quot;&#10;&#10;# &#x394;&#x3b7;&#x3bc;&#x3b9;&#x3bf;&#x3c5;&#x3c1;&#x3b3;&#x3bf;&#x3cd;&#x3bc;&#x3b5; &#x3c4;&#x3bf;&#x3bd; &#x3c6;&#x3ac;&#x3ba;&#x3b5;&#x3bb;&#x3bf; &#x3c0;&#x3c1;&#x3bf;&#x3bf;&#x3c1;&#x3b9;&#x3c3;&#x3bc;&#x3bf;&#x3cd; &#x3b1;&#x3bd; &#x3b4;&#x3b5;&#x3bd; &#x3c5;&#x3c0;&#x3ac;&#x3c1;&#x3c7;&#x3b5;&#x3b9;&#10;mkdir -p &quot;$DEST_DIR&quot;&#10;&#10;# &#x395;&#x3bb;&#x3ad;&#x3b3;&#x3c7;&#x3bf;&#x3c5;&#x3bc;&#x3b5; &#x3b1;&#x3bd; &#x3c5;&#x3c0;&#x3ac;&#x3c1;&#x3c7;&#x3b5;&#x3b9; &#x3bf; &#x3c6;&#x3ac;&#x3ba;&#x3b5;&#x3bb;&#x3bf;&#x3c2; &#x3c0;&#x3b7;&#x3b3;&#x3ae;&#x3c2; &#x3c0;&#x3c1;&#x3b9;&#x3bd; &#x3b1;&#x3bd;&#x3c4;&#x3b9;&#x3b3;&#x3c1;&#x3ac;&#x3c8;&#x3bf;&#x3c5;&#x3bc;&#x3b5; &#x3c4;&#x3b1; &#x3c0;&#x3b5;&#x3c1;&#x3b9;&#x3b5;&#x3c7;&#x3cc;&#x3bc;&#x3b5;&#x3bd;&#x3b1;&#10;if [ -d &quot;$SRC_DIR&quot; ]; then&#10;    cp -f -R &quot;$SRC_DIR&quot; &quot;$DEST_DIR&quot;&#10;    echo &quot;Files copied successfully.&quot;&#10;else&#10;    echo &quot;Source directory $SRC_DIR does not exist.&quot;&#10;    exit 1&#10;fi&#10;&#10;">
               <EnvironmentBuildable>
                  <BuildableReference
                     BuildableIdentifier = "primary"
                     BlueprintIdentifier = "PaperTrailLumberjack"
                     BuildableName = "PaperTrailLumberjack"
                     BlueprintName = "PaperTrailLumberjack"
                     ReferencedContainer = "container:">
                  </BuildableReference>
               </EnvironmentBuildable>
            </ActionContent>
         </ExecutionAction>
      </PreActions>
      <BuildActionEntries>
         <BuildActionEntry
            buildForTesting = "YES"
            buildForRunning = "YES"
            buildForProfiling = "YES"
            buildForArchiving = "YES"
            buildForAnalyzing = "YES">
            <BuildableReference
               BuildableIdentifier = "primary"
               BlueprintIdentifier = "PaperTrailLumberjack"
               BuildableName = "PaperTrailLumberjack"
               BlueprintName = "PaperTrailLumberjack"
               ReferencedContainer = "container:">
            </BuildableReference>
         </BuildActionEntry>
      </BuildActionEntries>
   </BuildAction>
   <TestAction
      buildConfiguration = "Debug"
      selectedDebuggerIdentifier = "Xcode.DebuggerFoundation.Debugger.LLDB"
      selectedLauncherIdentifier = "Xcode.DebuggerFoundation.Launcher.LLDB"
      shouldUseLaunchSchemeArgsEnv = "YES">
      <Testables>
      </Testables>
   </TestAction>
   <LaunchAction
      buildConfiguration = "Debug"
      selectedDebuggerIdentifier = "Xcode.DebuggerFoundation.Debugger.LLDB"
      selectedLauncherIdentifier = "Xcode.DebuggerFoundation.Launcher.LLDB"
      launchStyle = "0"
      useCustomWorkingDirectory = "NO"
      ignoresPersistentStateOnLaunch = "NO"
      debugDocumentVersioning = "YES"
      debugServiceExtension = "internal"
      allowLocationSimulation = "YES">
   </LaunchAction>
   <ProfileAction
      buildConfiguration = "Release"
      shouldUseLaunchSchemeArgsEnv = "YES"
      savedToolIdentifier = ""
      useCustomWorkingDirectory = "NO"
      debugDocumentVersioning = "YES">
      <MacroExpansion>
         <BuildableReference
            BuildableIdentifier = "primary"
            BlueprintIdentifier = "PaperTrailLumberjack"
            BuildableName = "PaperTrailLumberjack"
            BlueprintName = "PaperTrailLumberjack"
            ReferencedContainer = "container:">
         </BuildableReference>
      </MacroExpansion>
   </ProfileAction>
   <AnalyzeAction
      buildConfiguration = "Debug">
   </AnalyzeAction>
   <ArchiveAction
      buildConfiguration = "Release"
      revealArchiveInOrganizer = "YES">
   </ArchiveAction>
</Scheme>
